
Microsoft Visual Studio Solution File, Format Version 12.00
# Visual Studio Version 16
VisualStudioVersion = 16.0.29709.97
MinimumVisualStudioVersion = 10.0.40219.1
Project("{FAE04EC0-301F-11D3-BF4B-00C04F79EFBC}") = "MyFirstConsoleApp", "MyFirstConsoleApp\MyFirstConsoleApp.csproj", "{DB96DC45-5D18-4083-BF47-EBE9BC60557F}"
EndProject
Global
	GlobalSection(SolutionConfigurationPlatforms) = preSolution
		Debug|Any CPU = Debug|Any CPU
		Release|Any CPU = Release|Any CPU
	EndGlobalSection
	GlobalSection(ProjectConfigurationPlatforms) = postSolution
		{DB96DC45-5D18-4083-BF47-EBE9BC60557F}.Debug|Any CPU.ActiveCfg = Debug|Any CPU
		{DB96DC45-5D18-4083-BF47-EBE9BC60557F}.Debug|Any CPU.Build.0 = Debug|Any CPU
		{DB96DC45-5D18-4083-BF47-EBE9BC60557F}.Release|Any CPU.ActiveCfg = Release|Any CPU
		{DB96DC45-5D18-4083-BF47-EBE9BC60557F}.Release|Any CPU.Build.0 = Release|Any CPU
	EndGlobalSection
	GlobalSection(SolutionProperties) = preSolution
		HideSolutionNode = FALSE
	EndGlobalSection
	GlobalSection(ExtensibilityGlobals) = postSolution
		SolutionGuid = {290570CF-6438-4441-AD27-9B52A0FFDF9E}
	EndGlobalSection
EndGlobal
